<?xml version="1.0" encoding="utf-8"?>
<Project ToolsVersion="4.0" xmlns="http://schemas.microsoft.com/developer/msbuild/2003">
  <ItemGroup>
    <ClCompile Include="Code\1002_Turret.cpp" />
    <ClCompile Include="Code\1003_Fibonacci.cpp" />
    <ClCompile Include="Code\10828_Stack.cpp" />
    <ClCompile Include="Code\1004_LittlePrince.cpp" />
    <ClCompile Include="Code\10039_AverageScore.cpp" />
    <ClCompile Include="Code\12790_MiniFantasyWar.cpp" />
    <ClCompile Include="Code\2747_Fibonacci.cpp" />
    <ClCompile Include="Code\12791_Starman.cpp" />
    <ClCompile Include="2178_Maze.cpp" />
    <ClCompile Include="Code\1260_DFS_BFS_Later.cpp" />
  </ItemGroup>
</Project>